
Microsoft Visual Studio Solution File, Format Version 12.00
# Visual Studio Version 17
VisualStudioVersion = 17.1.32210.238
MinimumVisualStudioVersion = 10.0.40219.1
Project("{FAE04EC0-301F-11D3-BF4B-00C04F79EFBC}") = "ECG_Heart", "ECG_Heart\ECG_Heart.csproj", "{DF30A074-F6E1-46A0-BF82-3588DE6C107F}"
EndProject
Global
	GlobalSection(SolutionConfigurationPlatforms) = preSolution
		Debug|Any CPU = Debug|Any CPU
		Release|Any CPU = Release|Any CPU
	EndGlobalSection
	GlobalSection(ProjectConfigurationPlatforms) = postSolution
		{DF30A074-F6E1-46A0-BF82-3588DE6C107F}.Debug|Any CPU.ActiveCfg = Debug|Any CPU
		{DF30A074-F6E1-46A0-BF82-3588DE6C107F}.Debug|Any CPU.Build.0 = Debug|Any CPU
		{DF30A074-F6E1-46A0-BF82-3588DE6C107F}.Release|Any CPU.ActiveCfg = Release|Any CPU
		{DF30A074-F6E1-46A0-BF82-3588DE6C107F}.Release|Any CPU.Build.0 = Release|Any CPU
	EndGlobalSection
	GlobalSection(SolutionProperties) = preSolution
		HideSolutionNode = FALSE
	EndGlobalSection
	GlobalSection(ExtensibilityGlobals) = postSolution
		SolutionGuid = {F5C33DA5-2849-478D-A747-05F3F565C826}
	EndGlobalSection
EndGlobal
